
Microsoft Visual Studio Solution File, Format Version 12.00
# Visual Studio 15
VisualStudioVersion = 15.0.27703.2035
MinimumVisualStudioVersion = 10.0.40219.1
Project("{FAE04EC0-301F-11D3-BF4B-00C04F79EFBC}") = "NumerosPrimos", "NumerosPrimos\NumerosPrimos.csproj", "{009C1F7F-F370-4995-B469-872842806032}"
EndProject
Project("{FAE04EC0-301F-11D3-BF4B-00C04F79EFBC}") = "MatrizIdentidade", "MatrizIdentidade\MatrizIdentidade.csproj", "{FCC0B801-84E6-41FC-A371-CCA74FD5ED4D}"
EndProject
Project("{FAE04EC0-301F-11D3-BF4B-00C04F79EFBC}") = "PE1_SomaMultiplosTresCincoAbaixoMil", "MultiplosTresCincoAbaixoMil\PE1_SomaMultiplosTresCincoAbaixoMil.csproj", "{BC8AB621-1E69-4883-952A-183329F64A17}"
EndProject
Project("{FAE04EC0-301F-11D3-BF4B-00C04F79EFBC}") = "PE2_SomaFibonParAbaixo4milhoes", "SomaFibonParAbaixo4milhoes\PE2_SomaFibonParAbaixo4milhoes.csproj", "{8B00D1D8-AE94-4AD1-82E4-FF658D55BCF9}"
EndProject
Project("{FAE04EC0-301F-11D3-BF4B-00C04F79EFBC}") = "PE3_MaiorFatorPrimo", "PE3_MaiorFatorPrimo\PE3_MaiorFatorPrimo.csproj", "{03EEBA05-C394-4891-8D82-91701AB853C6}"
EndProject
Project("{FAE04EC0-301F-11D3-BF4B-00C04F79EFBC}") = "PE4_MaiorNumPalindromoProduto", "PE4_MaiorNumPalindromoProduto\PE4_MaiorNumPalindromoProduto.csproj", "{9D23D0FF-229B-44E8-8090-9087D98ECE8A}"
EndProject
Project("{FAE04EC0-301F-11D3-BF4B-00C04F79EFBC}") = "PE5_MenorNumDivTodosNum1a20SResto", "PE5_MenorNumDivTodosNum1a20SResto\PE5_MenorNumDivTodosNum1a20SResto.csproj", "{18589E8F-A272-4BA1-BB8E-557BDE2D0264}"
EndProject
Project("{FAE04EC0-301F-11D3-BF4B-00C04F79EFBC}") = "PE6_DiferEntreSomaQuadrado100eQuadradoSoma", "PE6_DiferEntreSomaRaiz100eRaizSoma\PE6_DiferEntreSomaQuadrado100eQuadradoSoma.csproj", "{CB9AE64C-0C63-4DFD-95B0-F66F966813AF}"
EndProject
Project("{FAE04EC0-301F-11D3-BF4B-00C04F79EFBC}") = "PE7_NumPrimo10001", "PE7_NumPrimo10001\PE7_NumPrimo10001.csproj", "{5CF02891-B479-402B-A9EE-0EDBF54AB970}"
EndProject
Project("{FAE04EC0-301F-11D3-BF4B-00C04F79EFBC}") = "CopiandoListaEmOutraLista", "CopiandoListaEmOutraLista\CopiandoListaEmOutraLista.csproj", "{7D28E473-E42E-4828-A92C-DD91F40DAD9C}"
EndProject
Project("{FAE04EC0-301F-11D3-BF4B-00C04F79EFBC}") = "EnumDescription", "EnumDescription\EnumDescription.csproj", "{D8EBD41E-AEC0-43A7-9F37-525DFE220C0A}"
EndProject
Project("{FAE04EC0-301F-11D3-BF4B-00C04F79EFBC}") = "HashCode", "HashCode\HashCode.csproj", "{698359A8-76A5-4B04-8967-1F0B2C34B121}"
EndProject
Global
	GlobalSection(SolutionConfigurationPlatforms) = preSolution
		Debug|Any CPU = Debug|Any CPU
		Release|Any CPU = Release|Any CPU
	EndGlobalSection
	GlobalSection(ProjectConfigurationPlatforms) = postSolution
		{009C1F7F-F370-4995-B469-872842806032}.Debug|Any CPU.ActiveCfg = Debug|Any CPU
		{009C1F7F-F370-4995-B469-872842806032}.Debug|Any CPU.Build.0 = Debug|Any CPU
		{009C1F7F-F370-4995-B469-872842806032}.Release|Any CPU.ActiveCfg = Release|Any CPU
		{009C1F7F-F370-4995-B469-872842806032}.Release|Any CPU.Build.0 = Release|Any CPU
		{FCC0B801-84E6-41FC-A371-CCA74FD5ED4D}.Debug|Any CPU.ActiveCfg = Debug|Any CPU
		{FCC0B801-84E6-41FC-A371-CCA74FD5ED4D}.Debug|Any CPU.Build.0 = Debug|Any CPU
		{FCC0B801-84E6-41FC-A371-CCA74FD5ED4D}.Release|Any CPU.ActiveCfg = Release|Any CPU
		{FCC0B801-84E6-41FC-A371-CCA74FD5ED4D}.Release|Any CPU.Build.0 = Release|Any CPU
		{BC8AB621-1E69-4883-952A-183329F64A17}.Debug|Any CPU.ActiveCfg = Debug|Any CPU
		{BC8AB621-1E69-4883-952A-183329F64A17}.Debug|Any CPU.Build.0 = Debug|Any CPU
		{BC8AB621-1E69-4883-952A-183329F64A17}.Release|Any CPU.ActiveCfg = Release|Any CPU
		{BC8AB621-1E69-4883-952A-183329F64A17}.Release|Any CPU.Build.0 = Release|Any CPU
		{8B00D1D8-AE94-4AD1-82E4-FF658D55BCF9}.Debug|Any CPU.ActiveCfg = Debug|Any CPU
		{8B00D1D8-AE94-4AD1-82E4-FF658D55BCF9}.Debug|Any CPU.Build.0 = Debug|Any CPU
		{8B00D1D8-AE94-4AD1-82E4-FF658D55BCF9}.Release|Any CPU.ActiveCfg = Release|Any CPU
		{8B00D1D8-AE94-4AD1-82E4-FF658D55BCF9}.Release|Any CPU.Build.0 = Release|Any CPU
		{03EEBA05-C394-4891-8D82-91701AB853C6}.Debug|Any CPU.ActiveCfg = Debug|Any CPU
		{03EEBA05-C394-4891-8D82-91701AB853C6}.Debug|Any CPU.Build.0 = Debug|Any CPU
		{03EEBA05-C394-4891-8D82-91701AB853C6}.Release|Any CPU.ActiveCfg = Release|Any CPU
		{03EEBA05-C394-4891-8D82-91701AB853C6}.Release|Any CPU.Build.0 = Release|Any CPU
		{9D23D0FF-229B-44E8-8090-9087D98ECE8A}.Debug|Any CPU.ActiveCfg = Debug|Any CPU
		{9D23D0FF-229B-44E8-8090-9087D98ECE8A}.Debug|Any CPU.Build.0 = Debug|Any CPU
		{9D23D0FF-229B-44E8-8090-9087D98ECE8A}.Release|Any CPU.ActiveCfg = Release|Any CPU
		{9D23D0FF-229B-44E8-8090-9087D98ECE8A}.Release|Any CPU.Build.0 = Release|Any CPU
		{18589E8F-A272-4BA1-BB8E-557BDE2D0264}.Debug|Any CPU.ActiveCfg = Debug|Any CPU
		{18589E8F-A272-4BA1-BB8E-557BDE2D0264}.Debug|Any CPU.Build.0 = Debug|Any CPU
		{18589E8F-A272-4BA1-BB8E-557BDE2D0264}.Release|Any CPU.ActiveCfg = Release|Any CPU
		{18589E8F-A272-4BA1-BB8E-557BDE2D0264}.Release|Any CPU.Build.0 = Release|Any CPU
		{CB9AE64C-0C63-4DFD-95B0-F66F966813AF}.Debug|Any CPU.ActiveCfg = Debug|Any CPU
		{CB9AE64C-0C63-4DFD-95B0-F66F966813AF}.Debug|Any CPU.Build.0 = Debug|Any CPU
		{CB9AE64C-0C63-4DFD-95B0-F66F966813AF}.Release|Any CPU.ActiveCfg = Release|Any CPU
		{CB9AE64C-0C63-4DFD-95B0-F66F966813AF}.Release|Any CPU.Build.0 = Release|Any CPU
		{5CF02891-B479-402B-A9EE-0EDBF54AB970}.Debug|Any CPU.ActiveCfg = Debug|Any CPU
		{5CF02891-B479-402B-A9EE-0EDBF54AB970}.Debug|Any CPU.Build.0 = Debug|Any CPU
		{5CF02891-B479-402B-A9EE-0EDBF54AB970}.Release|Any CPU.ActiveCfg = Release|Any CPU
		{5CF02891-B479-402B-A9EE-0EDBF54AB970}.Release|Any CPU.Build.0 = Release|Any CPU
		{7D28E473-E42E-4828-A92C-DD91F40DAD9C}.Debug|Any CPU.ActiveCfg = Debug|Any CPU
		{7D28E473-E42E-4828-A92C-DD91F40DAD9C}.Debug|Any CPU.Build.0 = Debug|Any CPU
		{7D28E473-E42E-4828-A92C-DD91F40DAD9C}.Release|Any CPU.ActiveCfg = Release|Any CPU
		{7D28E473-E42E-4828-A92C-DD91F40DAD9C}.Release|Any CPU.Build.0 = Release|Any CPU
		{D8EBD41E-AEC0-43A7-9F37-525DFE220C0A}.Debug|Any CPU.ActiveCfg = Debug|Any CPU
		{D8EBD41E-AEC0-43A7-9F37-525DFE220C0A}.Debug|Any CPU.Build.0 = Debug|Any CPU
		{D8EBD41E-AEC0-43A7-9F37-525DFE220C0A}.Release|Any CPU.ActiveCfg = Release|Any CPU
		{D8EBD41E-AEC0-43A7-9F37-525DFE220C0A}.Release|Any CPU.Build.0 = Release|Any CPU
		{698359A8-76A5-4B04-8967-1F0B2C34B121}.Debug|Any CPU.ActiveCfg = Debug|Any CPU
		{698359A8-76A5-4B04-8967-1F0B2C34B121}.Debug|Any CPU.Build.0 = Debug|Any CPU
		{698359A8-76A5-4B04-8967-1F0B2C34B121}.Release|Any CPU.ActiveCfg = Release|Any CPU
		{698359A8-76A5-4B04-8967-1F0B2C34B121}.Release|Any CPU.Build.0 = Release|Any CPU
	EndGlobalSection
	GlobalSection(SolutionProperties) = preSolution
		HideSolutionNode = FALSE
	EndGlobalSection
	GlobalSection(ExtensibilityGlobals) = postSolution
		SolutionGuid = {D52F3F84-262D-4928-AD11-7D7CD40C68FA}
	EndGlobalSection
EndGlobal
